// !$*UTF8*$!
{
	archiveVersion = 1;
	classes = {
	};
	objectVersion = 46;
	objects = {

/* Begin PBXBuildFile section */
		04188BBB1FAAA931007E7B4B /* AppDelegate.swift in Sources */ = {isa = PBXBuildFile; fileRef = 04188BBA1FAAA931007E7B4B /* AppDelegate.swift */; };
		04188BC01FAAA931007E7B4B /* Main.storyboard in Resources */ = {isa = PBXBuildFile; fileRef = 04188BBE1FAAA931007E7B4B /* Main.storyboard */; };
		04188BC21FAAA931007E7B4B /* Assets.xcassets in Resources */ = {isa = PBXBuildFile; fileRef = 04188BC11FAAA931007E7B4B /* Assets.xcassets */; };
		04188BC51FAAA931007E7B4B /* LaunchScreen.storyboard in Resources */ = {isa = PBXBuildFile; fileRef = 04188BC31FAAA931007E7B4B /* LaunchScreen.storyboard */; };
		04188BD01FAAA931007E7B4B /* Feeding2Tests.swift in Sources */ = {isa = PBXBuildFile; fileRef = 04188BCF1FAAA931007E7B4B /* Feeding2Tests.swift */; };
		04188BDB1FAAA931007E7B4B /* Feeding2UITests.swift in Sources */ = {isa = PBXBuildFile; fileRef = 04188BDA1FAAA931007E7B4B /* Feeding2UITests.swift */; };
		04188BE91FAAAA44007E7B4B /* MainTableViewController.swift in Sources */ = {isa = PBXBuildFile; fileRef = 04188BE81FAAAA44007E7B4B /* MainTableViewController.swift */; };
/* End PBXBuildFile section */

/* Begin PBXContainerItemProxy section */
		04188BCC1FAAA931007E7B4B /* PBXContainerItemProxy */ = {
			isa = PBXContainerItemProxy;
			containerPortal = 04188BAF1FAAA931007E7B4B /* Project object */;
			proxyType = 1;
			remoteGlobalIDString = 04188BB61FAAA931007E7B4B;
			remoteInfo = Feeding2;
		};
		04188BD71FAAA931007E7B4B /* PBXContainerItemProxy */ = {
			isa = PBXContainerItemProxy;
			containerPortal = 04188BAF1FAAA931007E7B4B /* Project object */;
			proxyType = 1;
			remoteGlobalIDString = 04188BB61FAAA931007E7B4B;
			remoteInfo = Feeding2;
		};
/* End PBXContainerItemProxy section */

/* Begin PBXFileReference section */
		04188BB71FAAA931007E7B4B /* Feeding2.app */ = {isa = PBXFileReference; explicitFileType = wrapper.application; includeInIndex = 0; path = Feeding2.app; sourceTree = BUILT_PRODUCTS_DIR; };
		04188BBA1FAAA931007E7B4B /* AppDelegate.swift */ = {isa = PBXFileReference; lastKnownFileType = sourcecode.swift; path = AppDelegate.swift; sourceTree = "<group>"; };
		04188BBF1FAAA931007E7B4B /* Base */ = {isa = PBXFileReference; lastKnownFileType = file.storyboard; name = Base; path = Base.lproj/Main.storyboard; sourceTree = "<group>"; };
		04188BC11FAAA931007E7B4B /* Assets.xcassets */ = {isa = PBXFileReference; lastKnownFileType = folder.assetcatalog; path = Assets.xcassets; sourceTree = "<group>"; };
		04188BC41FAAA931007E7B4B /* Base */ = {isa = PBXFileReference; lastKnownFileType = file.storyboard; name = Base; path = Base.lproj/LaunchScreen.storyboard; sourceTree = "<group>"; };
		04188BC61FAAA931007E7B4B /* Info.plist */ = {isa = PBXFileReference; lastKnownFileType = text.plist.xml; path = Info.plist; sourceTree = "<group>"; };
		04188BCB1FAAA931007E7B4B /* Feeding2Tests.xctest */ = {isa = PBXFileReference; explicitFileType = wrapper.cfbundle; includeInIndex = 0; path = Feeding2Tests.xctest; sourceTree = BUILT_PRODUCTS_DIR; };
		04188BCF1FAAA931007E7B4B /* Feeding2Tests.swift */ = {isa = PBXFileReference; lastKnownFileType = sourcecode.swift; path = Feeding2Tests.swift; sourceTree = "<group>"; };
		04188BD11FAAA931007E7B4B /* Info.plist */ = {isa = PBXFileReference; lastKnownFileType = text.plist.xml; path = Info.plist; sourceTree = "<group>"; };
		04188BD61FAAA931007E7B4B /* Feeding2UITests.xctest */ = {isa = PBXFileReference; explicitFileType = wrapper.cfbundle; includeInIndex = 0; path = Feeding2UITests.xctest; sourceTree = BUILT_PRODUCTS_DIR; };
		04188BDA1FAAA931007E7B4B /* Feeding2UITests.swift */ = {isa = PBXFileReference; lastKnownFileType = sourcecode.swift; path = Feeding2UITests.swift; sourceTree = "<group>"; };
		04188BDC1FAAA931007E7B4B /* Info.plist */ = {isa = PBXFileReference; lastKnownFileType = text.plist.xml; path = Info.plist; sourceTree = "<group>"; };
		04188BE81FAAAA44007E7B4B /* MainTableViewController.swift */ = {isa = PBXFileReference; fileEncoding = 4; lastKnownFileType = sourcecode.swift; name = MainTableViewController.swift; path = ../MainTableViewController.swift; sourceTree = "<group>"; };
/* End PBXFileReference section */

/* Begin PBXFrameworksBuildPhase section */
		04188BB41FAAA931007E7B4B /* Frameworks */ = {
			isa = PBXFrameworksBuildPhase;
			buildActionMask = 2147483647;
			files = (
			);
			runOnlyForDeploymentPostprocessing = 0;
		};
		04188BC81FAAA931007E7B4B /* Frameworks */ = {
			isa = PBXFrameworksBuildPhase;
			buildActionMask = 2147483647;
			files = (
			);
			runOnlyForDeploymentPostprocessing = 0;
		};
		04188BD31FAAA931007E7B4B /* Frameworks */ = {
			isa = PBXFrameworksBuildPhase;
			buildActionMask = 2147483647;
			files = (
			);
			runOnlyForDeploymentPostprocessing = 0;
		};
/* End PBXFrameworksBuildPhase section */

/* Begin PBXGroup section */
		04188BAE1FAAA931007E7B4B = {
			isa = PBXGroup;
			children = (
				04188BB91FAAA931007E7B4B /* Feeding2 */,
				04188BCE1FAAA931007E7B4B /* Feeding2Tests */,
				04188BD91FAAA931007E7B4B /* Feeding2UITests */,
				04188BB81FAAA931007E7B4B /* Products */,
			);
			sourceTree = "<group>";
		};
		04188BB81FAAA931007E7B4B /* Products */ = {
			isa = PBXGroup;
			children = (
				04188BB71FAAA931007E7B4B /* Feeding2.app */,
				04188BCB1FAAA931007E7B4B /* Feeding2Tests.xctest */,
				04188BD61FAAA931007E7B4B /* Feeding2UITests.xctest */,
			);
			name = Products;
			sourceTree = "<group>";
		};
		04188BB91FAAA931007E7B4B /* Feeding2 */ = {
			isa = PBXGroup;
			children = (
				04188BE81FAAAA44007E7B4B /* MainTableViewController.swift */,
				04188BBA1FAAA931007E7B4B /* AppDelegate.swift */,
				04188BBE1FAAA931007E7B4B /* Main.storyboard */,
				04188BC11FAAA931007E7B4B /* Assets.xcassets */,
				04188BC31FAAA931007E7B4B /* LaunchScreen.storyboard */,
				04188BC61FAAA931007E7B4B /* Info.plist */,
			);
			path = Feeding2;
			sourceTree = "<group>";
		};
		04188BCE1FAAA931007E7B4B /* Feeding2Tests */ = {
			isa = PBXGroup;
			children = (
				04188BCF1FAAA931007E7B4B /* Feeding2Tests.swift */,
				04188BD11FAAA931007E7B4B /* Info.plist */,
			);
			path = Feeding2Tests;
			sourceTree = "<group>";
		};
		04188BD91FAAA931007E7B4B /* Feeding2UITests */ = {
			isa = PBXGroup;
			children = (
				04188BDA1FAAA931007E7B4B /* Feeding2UITests.swift */,
				04188BDC1FAAA931007E7B4B /* Info.plist */,
			);
			path = Feeding2UITests;
			sourceTree = "<group>";
		};
/* End PBXGroup section */

/* Begin PBXNativeTarget section */
		04188BB61FAAA931007E7B4B /* Feeding2 */ = {
			isa = PBXNativeTarget;
			buildConfigurationList = 04188BDF1FAAA931007E7B4B /* Build configuration list for PBXNativeTarget "Feeding2" */;
			buildPhases = (
				04188BB31FAAA931007E7B4B /* Sources */,
				04188BB41FAAA931007E7B4B /* Frameworks */,
				04188BB51FAAA931007E7B4B /* Resources */,
			);
			buildRules = (
			);
			dependencies = (
			);
			name = Feeding2;
			productName = Feeding2;
			productReference = 04188BB71FAAA931007E7B4B /* Feeding2.app */;
			productType = "com.apple.product-type.application";
		};
		04188BCA1FAAA931007E7B4B /* Feeding2Tests */ = {
			isa = PBXNativeTarget;
			buildConfigurationList = 04188BE21FAAA931007E7B4B /* Build configuration list for PBXNativeTarget "Feeding2Tests" */;
			buildPhases = (
				04188BC71FAAA931007E7B4B /* Sources */,
				04188BC81FAAA931007E7B4B /* Frameworks */,
				04188BC91FAAA931007E7B4B /* Resources */,
			);
			buildRules = (
			);
			dependencies = (
				04188BCD1FAAA931007E7B4B /* PBXTargetDependency */,
			);
			name = Feeding2Tests;
			productName = Feeding2Tests;
			productReference = 04188BCB1FAAA931007E7B4B /* Feeding2Tests.xctest */;
			productType = "com.apple.product-type.bundle.unit-test";
		};
		04188BD51FAAA931007E7B4B /* Feeding2UITests */ = {
			isa = PBXNativeTarget;
			buildConfigurationList = 04188BE51FAAA931007E7B4B /* Build configuration list for PBXNativeTarget "Feeding2UITests" */;
			buildPhases = (
				04188BD21FAAA931007E7B4B /* Sources */,
				04188BD31FAAA931007E7B4B /* Frameworks */,
				04188BD41FAAA931007E7B4B /* Resources */,
			);
			buildRules = (
			);
			dependencies = (
				04188BD81FAAA931007E7B4B /* PBXTargetDependency */,
			);
			name = Feeding2UITests;
			productName = Feeding2UITests;
			productReference = 04188BD61FAAA931007E7B4B /* Feeding2UITests.xctest */;
			productType = "com.apple.product-type.bundle.ui-testing";
		};
/* End PBXNativeTarget section */

/* Begin PBXProject section */
		04188BAF1FAAA931007E7B4B /* Project object */ = {
			isa = PBXProject;
			attributes = {
				LastSwiftUpdateCheck = 0830;
				LastUpgradeCheck = 0830;
				ORGANIZATIONNAME = D7703_15;
				TargetAttributes = {
					04188BB61FAAA931007E7B4B = {
						CreatedOnToolsVersion = 8.3.3;
						ProvisioningStyle = Automatic;
					};
					04188BCA1FAAA931007E7B4B = {
						CreatedOnToolsVersion = 8.3.3;
						ProvisioningStyle = Automatic;
						TestTargetID = 04188BB61FAAA931007E7B4B;
					};
					04188BD51FAAA931007E7B4B = {
						CreatedOnToolsVersion = 8.3.3;
						ProvisioningStyle = Automatic;
						TestTargetID = 04188BB61FAAA931007E7B4B;
					};
				};
			};
			buildConfigurationList = 04188BB21FAAA931007E7B4B /* Build configuration list for PBXProject "Feeding2" */;
			compatibilityVersion = "Xcode 3.2";
			developmentRegion = English;
			hasScannedForEncodings = 0;
			knownRegions = (
				en,
				Base,
			);
			mainGroup = 04188BAE1FAAA931007E7B4B;
			productRefGroup = 04188BB81FAAA931007E7B4B /* Products */;
			projectDirPath = "";
			projectRoot = "";
			targets = (
				04188BB61FAAA931007E7B4B /* Feeding2 */,
				04188BCA1FAAA931007E7B4B /* Feeding2Tests */,
				04188BD51FAAA931007E7B4B /* Feeding2UITests */,
			);
		};
/* End PBXProject section */

/* Begin PBXResourcesBuildPhase section */
		04188BB51FAAA931007E7B4B /* Resources */ = {
			isa = PBXResourcesBuildPhase;
			buildActionMask = 2147483647;
			files = (
				04188BC51FAAA931007E7B4B /* LaunchScreen.storyboard in Resources */,
				04188BC21FAAA931007E7B4B /* Assets.xcassets in Resources */,
				04188BC01FAAA931007E7B4B /* Main.storyboard in Resources */,
			);
			runOnlyForDeploymentPostprocessing = 0;
		};
		04188BC91FAAA931007E7B4B /* Resources */ = {
			isa = PBXResourcesBuildPhase;
			buildActionMask = 2147483647;
			files = (
			);
			runOnlyForDeploymentPostprocessing = 0;
		};
		04188BD41FAAA931007E7B4B /* Resources */ = {
			isa = PBXResourcesBuildPhase;
			buildActionMask = 2147483647;
			files = (
			);
			runOnlyForDeploymentPostprocessing = 0;
		};
/* End PBXResourcesBuildPhase section */

/* Begin PBXSourcesBuildPhase section */
		04188BB31FAAA931007E7B4B /* Sources */ = {
			isa = PBXSourcesBuildPhase;
			buildActionMask = 2147483647;
			files = (
				04188BE91FAAAA44007E7B4B /* MainTableViewController.swift in Sources */,
				04188BBB1FAAA931007E7B4B /* AppDelegate.swift in Sources */,
			);
			runOnlyForDeploymentPostprocessing = 0;
		};
		04188BC71FAAA931007E7B4B /* Sources */ = {
			isa = PBXSourcesBuildPhase;
			buildActionMask = 2147483647;
			files = (
				04188BD01FAAA931007E7B4B /* Feeding2Tests.swift in Sources */,
			);
			runOnlyForDeploymentPostprocessing = 0;
		};
		04188BD21FAAA931007E7B4B /* Sources */ = {
			isa = PBXSourcesBuildPhase;
			buildActionMask = 2147483647;
			files = (
				04188BDB1FAAA931007E7B4B /* Feeding2UITests.swift in Sources */,
			);
			runOnlyForDeploymentPostprocessing = 0;
		};
/* End PBXSourcesBuildPhase section */

/* Begin PBXTargetDependency section */
		04188BCD1FAAA931007E7B4B /* PBXTargetDependency */ = {
			isa = PBXTargetDependency;
			target = 04188BB61FAAA931007E7B4B /* Feeding2 */;
			targetProxy = 04188BCC1FAAA931007E7B4B /* PBXContainerItemProxy */;
		};
		04188BD81FAAA931007E7B4B /* PBXTargetDependency */ = {
			isa = PBXTargetDependency;
			target = 04188BB61FAAA931007E7B4B /* Feeding2 */;
			targetProxy = 04188BD71FAAA931007E7B4B /* PBXContainerItemProxy */;
		};
/* End PBXTargetDependency section */

/* Begin PBXVariantGroup section */
		04188BBE1FAAA931007E7B4B /* Main.storyboard */ = {
			isa = PBXVariantGroup;
			children = (
				04188BBF1FAAA931007E7B4B /* Base */,
			);
			name = Main.storyboard;
			sourceTree = "<group>";
		};
		04188BC31FAAA931007E7B4B /* LaunchScreen.storyboard */ = {
			isa = PBXVariantGroup;
			children = (
				04188BC41FAAA931007E7B4B /* Base */,
			);
			name = LaunchScreen.storyboard;
			sourceTree = "<group>";
		};
/* End PBXVariantGroup section */

/* Begin XCBuildConfiguration section */
		04188BDD1FAAA931007E7B4B /* Debug */ = {
			isa = XCBuildConfiguration;
			buildSettings = {
				ALWAYS_SEARCH_USER_PATHS = NO;
				CLANG_ANALYZER_NONNULL = YES;
				CLANG_ANALYZER_NUMBER_OBJECT_CONVERSION = YES_AGGRESSIVE;
				CLANG_CXX_LANGUAGE_STANDARD = "gnu++0x";
				CLANG_CXX_LIBRARY = "libc++";
				CLANG_ENABLE_MODULES = YES;
				CLANG_ENABLE_OBJC_ARC = YES;
				CLANG_WARN_BOOL_CONVERSION = YES;
				CLANG_WARN_CONSTANT_CONVERSION = YES;
				CLANG_WARN_DIRECT_OBJC_ISA_USAGE = YES_ERROR;
				CLANG_WARN_DOCUMENTATION_COMMENTS = YES;
				CLANG_WARN_EMPTY_BODY = YES;
				CLANG_WARN_ENUM_CONVERSION = YES;
				CLANG_WARN_INFINITE_RECURSION = YES;
				CLANG_WARN_INT_CONVERSION = YES;
				CLANG_WARN_OBJC_ROOT_CLASS = YES_ERROR;
				CLANG_WARN_SUSPICIOUS_MOVE = YES;
				CLANG_WARN_UNREACHABLE_CODE = YES;
				CLANG_WARN__DUPLICATE_METHOD_MATCH = YES;
				"CODE_SIGN_IDENTITY[sdk=iphoneos*]" = "iPhone Developer";
				COPY_PHASE_STRIP = NO;
				DEBUG_INFORMATION_FORMAT = dwarf;
				ENABLE_STRICT_OBJC_MSGSEND = YES;
				ENABLE_TESTABILITY = YES;
				GCC_C_LANGUAGE_STANDARD = gnu99;
				GCC_DYNAMIC_NO_PIC = NO;
				GCC_NO_COMMON_BLOCKS = YES;
				GCC_OPTIMIZATION_LEVEL = 0;
				GCC_PREPROCESSOR_DEFINITIONS = (
					"DEBUG=1",
					"$(inherited)",
				);
				GCC_WARN_64_TO_32_BIT_CONVERSION = YES;
				GCC_WARN_ABOUT_RETURN_TYPE = YES_ERROR;
				GCC_WARN_UNDECLARED_SELECTOR = YES;
				GCC_WARN_UNINITIALIZED_AUTOS = YES_AGGRESSIVE;
				GCC_WARN_UNUSED_FUNCTION = YES;
				GCC_WARN_UNUSED_VARIABLE = YES;
				IPHONEOS_DEPLOYMENT_TARGET = 10.3;
				MTL_ENABLE_DEBUG_INFO = YES;
				ONLY_ACTIVE_ARCH = YES;
				SDKROOT = iphoneos;
				SWIFT_ACTIVE_COMPILATION_CONDITIONS = DEBUG;
				SWIFT_OPTIMIZATION_LEVEL = "-Onone";
			};
			name = Debug;
		};
		04188BDE1FAAA931007E7B4B /* Release */ = {
			isa = XCBuildConfiguration;
			buildSettings = {
				ALWAYS_SEARCH_USER_PATHS = NO;
				CLANG_ANALYZER_NONNULL = YES;
				CLANG_ANALYZER_NUMBER_OBJECT_CONVERSION = YES_AGGRESSIVE;
				CLANG_CXX_LANGUAGE_STANDARD = "gnu++0x";
				CLANG_CXX_LIBRARY = "libc++";
				CLANG_ENABLE_MODULES = YES;
				CLANG_ENABLE_OBJC_ARC = YES;
				CLANG_WARN_BOOL_CONVERSION = YES;
				CLANG_WARN_CONSTANT_CONVERSION = YES;
				CLANG_WARN_DIRECT_OBJC_ISA_USAGE = YES_ERROR;
				CLANG_WARN_DOCUMENTATION_COMMENTS = YES;
				CLANG_WARN_EMPTY_BODY = YES;
				CLANG_WARN_ENUM_CONVERSION = YES;
				CLANG_WARN_INFINITE_RECURSION = YES;
				CLANG_WARN_INT_CONVERSION = YES;
				CLANG_WARN_OBJC_ROOT_CLASS = YES_ERROR;
				CLANG_WARN_SUSPICIOUS_MOVE = YES;
				CLANG_WARN_UNREACHABLE_CODE = YES;
				CLANG_WARN__DUPLICATE_METHOD_MATCH = YES;
				"CODE_SIGN_IDENTITY[sdk=iphoneos*]" = "iPhone Developer";
				COPY_PHASE_STRIP = NO;
				DEBUG_INFORMATION_FORMAT = "dwarf-with-dsym";
				ENABLE_NS_ASSERTIONS = NO;
				ENABLE_STRICT_OBJC_MSGSEND = YES;
				GCC_C_LANGUAGE_STANDARD = gnu99;
				GCC_NO_COMMON_BLOCKS = YES;
				GCC_WARN_64_TO_32_BIT_CONVERSION = YES;
				GCC_WARN_ABOUT_RETURN_TYPE = YES_ERROR;
				GCC_WARN_UNDECLARED_SELECTOR = YES;
				GCC_WARN_UNINITIALIZED_AUTOS = YES_AGGRESSIVE;
				GCC_WARN_UNUSED_FUNCTION = YES;
				GCC_WARN_UNUSED_VARIABLE = YES;
				IPHONEOS_DEPLOYMENT_TARGET = 10.3;
				MTL_ENABLE_DEBUG_INFO = NO;
				SDKROOT = iphoneos;
				SWIFT_OPTIMIZATION_LEVEL = "-Owholemodule";
				VALIDATE_PRODUCT = YES;
			};
			name = Release;
		};
		04188BE01FAAA931007E7B4B /* Debug */ = {
			isa = XCBuildConfiguration;
			buildSettings = {
				ASSETCATALOG_COMPILER_APPICON_NAME = AppIcon;
				INFOPLIST_FILE = Feeding2/Info.plist;
				LD_RUNPATH_SEARCH_PATHS = "$(inherited) @executable_path/Frameworks";
				PRODUCT_BUNDLE_IDENTIFIER = "-.Feeding2";
				PRODUCT_NAME = "$(TARGET_NAME)";
				SWIFT_VERSION = 3.0;
			};
			name = Debug;
		};
		04188BE11FAAA931007E7B4B /* Release */ = {
			isa = XCBuildConfiguration;
			buildSettings = {
				ASSETCATALOG_COMPILER_APPICON_NAME = AppIcon;
				INFOPLIST_FILE = Feeding2/Info.plist;
				LD_RUNPATH_SEARCH_PATHS = "$(inherited) @executable_path/Frameworks";
				PRODUCT_BUNDLE_IDENTIFIER = "-.Feeding2";
				PRODUCT_NAME = "$(TARGET_NAME)";
				SWIFT_VERSION = 3.0;
			};
			name = Release;
		};
		04188BE31FAAA931007E7B4B /* Debug */ = {
			isa = XCBuildConfiguration;
			buildSettings = {
				ALWAYS_EMBED_SWIFT_STANDARD_LIBRARIES = YES;
				BUNDLE_LOADER = "$(TEST_HOST)";
				INFOPLIST_FILE = Feeding2Tests/Info.plist;
				LD_RUNPATH_SEARCH_PATHS = "$(inherited) @executable_path/Frameworks @loader_path/Frameworks";
				PRODUCT_BUNDLE_IDENTIFIER = "-.Feeding2Tests";
				PRODUCT_NAME = "$(TARGET_NAME)";
				SWIFT_VERSION = 3.0;
				TEST_HOST = "$(BUILT_PRODUCTS_DIR)/Feeding2.app/Feeding2";
			};
			name = Debug;
		};
		04188BE41FAAA931007E7B4B /* Release */ = {
			isa = XCBuildConfiguration;
			buildSettings = {
				ALWAYS_EMBED_SWIFT_STANDARD_LIBRARIES = YES;
				BUNDLE_LOADER = "$(TEST_HOST)";
				INFOPLIST_FILE = Feeding2Tests/Info.plist;
				LD_RUNPATH_SEARCH_PATHS = "$(inherited) @executable_path/Frameworks @loader_path/Frameworks";
				PRODUCT_BUNDLE_IDENTIFIER = "-.Feeding2Tests";
				PRODUCT_NAME = "$(TARGET_NAME)";
				SWIFT_VERSION = 3.0;
				TEST_HOST = "$(BUILT_PRODUCTS_DIR)/Feeding2.app/Feeding2";
			};
			name = Release;
		};
		04188BE61FAAA931007E7B4B /* Debug */ = {
			isa = XCBuildConfiguration;
			buildSettings = {
				ALWAYS_EMBED_SWIFT_STANDARD_LIBRARIES = YES;
				INFOPLIST_FILE = Feeding2UITests/Info.plist;
				LD_RUNPATH_SEARCH_PATHS = "$(inherited) @executable_path/Frameworks @loader_path/Frameworks";
				PRODUCT_BUNDLE_IDENTIFIER = "-.Feeding2UITests";
				PRODUCT_NAME = "$(TARGET_NAME)";
				SWIFT_VERSION = 3.0;
				TEST_TARGET_NAME = Feeding2;
			};
			name = Debug;
		};
		04188BE71FAAA931007E7B4B /* Release */ = {
			isa = XCBuildConfiguration;
			buildSettings = {
				ALWAYS_EMBED_SWIFT_STANDARD_LIBRARIES = YES;
				INFOPLIST_FILE = Feeding2UITests/Info.plist;
				LD_RUNPATH_SEARCH_PATHS = "$(inherited) @executable_path/Frameworks @loader_path/Frameworks";
				PRODUCT_BUNDLE_IDENTIFIER = "-.Feeding2UITests";
				PRODUCT_NAME = "$(TARGET_NAME)";
				SWIFT_VERSION = 3.0;
				TEST_TARGET_NAME = Feeding2;
			};
			name = Release;
		};
/* End XCBuildConfiguration section */

/* Begin XCConfigurationList section */
		04188BB21FAAA931007E7B4B /* Build configuration list for PBXProject "Feeding2" */ = {
			isa = XCConfigurationList;
			buildConfigurations = (
				04188BDD1FAAA931007E7B4B /* Debug */,
				04188BDE1FAAA931007E7B4B /* Release */,
			);
			defaultConfigurationIsVisible = 0;
			defaultConfigurationName = Release;
		};
		04188BDF1FAAA931007E7B4B /* Build configuration list for PBXNativeTarget "Feeding2" */ = {
			isa = XCConfigurationList;
			buildConfigurations = (
				04188BE01FAAA931007E7B4B /* Debug */,
				04188BE11FAAA931007E7B4B /* Release */,
			);
			defaultConfigurationIsVisible = 0;
		};
		04188BE21FAAA931007E7B4B /* Build configuration list for PBXNativeTarget "Feeding2Tests" */ = {
			isa = XCConfigurationList;
			buildConfigurations = (
				04188BE31FAAA931007E7B4B /* Debug */,
				04188BE41FAAA931007E7B4B /* Release */,
			);
			defaultConfigurationIsVisible = 0;
		};
		04188BE51FAAA931007E7B4B /* Build configuration list for PBXNativeTarget "Feeding2UITests" */ = {
			isa = XCConfigurationList;
			buildConfigurations = (
				04188BE61FAAA931007E7B4B /* Debug */,
				04188BE71FAAA931007E7B4B /* Release */,
			);
			defaultConfigurationIsVisible = 0;
		};
/* End XCConfigurationList section */
	};
	rootObject = 04188BAF1FAAA931007E7B4B /* Project object */;
}
